{
  "lockfileVersion": 1,
  "configVersion": 1,
  "workspaces": {
    "": {
      "name": "opencode-plugin-agent-hub",
      "dependencies": {
        "@opencode-ai/plugin": "^1.3.12",
      },
      "devDependencies": {
        "@types/node": "^25.5.0",
      },
    },
  },
  "packages": {
    "@opencode-ai/plugin": ["@opencode-ai/plugin@1.3.12", "", { "dependencies": { "@opencode-ai/sdk": "1.3.12", "zod": "4.1.8" }, "peerDependencies": { "@opentui/core": ">=0.1.94", "@opentui/solid": ">=0.1.94" }, "optionalPeers": ["@opentui/core", "@opentui/solid"] }, "sha512-h6Bsaf1eV6YRROF0b2tksa1iV78fbXWsNtig2uhAtXg1ZIYILfQO6kzmtEIGaPiFgVsWAtNWSbWgDGnp1lRopg=="],

    "@opencode-ai/sdk": ["@opencode-ai/sdk@1.3.12", "", {}, "sha512-gnlB34TbEijuHH1pd2h42n9UrnOts/5ujaErxrDQ7B08SXsA2Jhfy7XvR89wEp6Xzyls2qqWTV70ehYbJU0hXA=="],

    "@types/node": ["@types/node@25.5.0", "", { "dependencies": { "undici-types": "~7.18.0" } }, "sha512-jp2P3tQMSxWugkCUKLRPVUpGaL5MVFwF8RDuSRztfwgN1wmqJeMSbKlnEtQqU8UrhTmzEmZdu2I6v2dpp7XIxw=="],

    "undici-types": ["undici-types@7.18.2", "", {}, "sha512-AsuCzffGHJybSaRrmr5eHr81mwJU3kjw6M+uprWvCXiNeN9SOGwQ3Jn8jb8m3Z6izVgknn1R0FTCEAP2QrLY/w=="],

    "zod": ["zod@4.1.8", "", {}, "sha512-5R1P+WwQqmmMIEACyzSvo4JXHY5WiAFHRMg+zBZKgKS+Q1viRa0C1hmUKtHltoIFKtIdki3pRxkmpP74jnNYHQ=="],
  }
}
